
Microsoft Visual Studio Solution File, Format Version 12.00
# Visual Studio Version 17
VisualStudioVersion = 17.11.35312.102
MinimumVisualStudioVersion = 10.0.40219.1
Project("{FAE04EC0-301F-11D3-BF4B-00C04F79EFBC}") = "ImageResize", "ImageResize\ImageResize.csproj", "{DB961A7A-6686-4B33-99DA-7EF58AC917AA}"
EndProject
Global
	GlobalSection(SolutionConfigurationPlatforms) = preSolution
		Debug|Any CPU = Debug|Any CPU
		Release|Any CPU = Release|Any CPU
	EndGlobalSection
	GlobalSection(ProjectConfigurationPlatforms) = postSolution
		{DB961A7A-6686-4B33-99DA-7EF58AC917AA}.Debug|Any CPU.ActiveCfg = Debug|Any CPU
		{DB961A7A-6686-4B33-99DA-7EF58AC917AA}.Debug|Any CPU.Build.0 = Debug|Any CPU
		{DB961A7A-6686-4B33-99DA-7EF58AC917AA}.Release|Any CPU.ActiveCfg = Release|Any CPU
		{DB961A7A-6686-4B33-99DA-7EF58AC917AA}.Release|Any CPU.Build.0 = Release|Any CPU
	EndGlobalSection
	GlobalSection(SolutionProperties) = preSolution
		HideSolutionNode = FALSE
	EndGlobalSection
	GlobalSection(ExtensibilityGlobals) = postSolution
		SolutionGuid = {D761F872-B84C-4E60-A261-4DFB51AF0B15}
	EndGlobalSection
EndGlobal
